
Microsoft Visual Studio Solution File, Format Version 12.00
# Visual Studio Version 17
VisualStudioVersion = 17.0.31903.59
MinimumVisualStudioVersion = 10.0.40219.1
Project("{FAE04EC0-301F-11D3-BF4B-00C04F79EFBC}") = "CommonHelpers", "CommonHelpers\CommonHelpers.csproj", "{32237885-3D17-4F13-B02B-E8A62B7BD8B6}"
EndProject
Project("{FAE04EC0-301F-11D3-BF4B-00C04F79EFBC}") = "WiiHelpers", "WiiHelpers\WiiHelpers.csproj", "{AE49091C-0D6E-4BA4-BAB9-756BD4036429}"
EndProject
Project("{FAE04EC0-301F-11D3-BF4B-00C04F79EFBC}") = "Schema", "Schema\Schema.csproj", "{96A93758-3C3F-4309-B5DC-FC717A671135}"
EndProject
Project("{FAE04EC0-301F-11D3-BF4B-00C04F79EFBC}") = "MultiLanguage", "MultiLanguage\MultiLanguage.csproj", "{D9F3369D-7AE3-4E8F-B2DF-59F18F20AD65}"
EndProject
Project("{FAE04EC0-301F-11D3-BF4B-00C04F79EFBC}") = "WordStegoLib", "WordStegoLib\WordStegoLib.csproj", "{AC3BEA66-AC50-4D1F-84FF-9D73D1A4040C}"
EndProject
Project("{FAE04EC0-301F-11D3-BF4B-00C04F79EFBC}") = "LoaderManager", "LoaderManager\LoaderManager.csproj", "{260F050D-A079-42FB-A585-23137F4E9A21}"
EndProject
Project("{FAE04EC0-301F-11D3-BF4B-00C04F79EFBC}") = "UpdateManager", "UpdateManager\UpdateManager.csproj", "{66086742-7EC1-4C23-886D-C5C928CB3E4B}"
EndProject
Project("{FAE04EC0-301F-11D3-BF4B-00C04F79EFBC}") = "SharpZipLib", "SharpZipLib\SharpZipLib.csproj", "{5CE82CC4-40CF-41DB-B83B-72BAF49DC523}"
EndProject
Project("{FAE04EC0-301F-11D3-BF4B-00C04F79EFBC}") = "WiiGSC.UI", "WiiGSC.UI\WiiGSC.UI.csproj", "{A11A2198-A65C-4860-8BA3-A0EE51C30FAD}"
EndProject
Global
	GlobalSection(SolutionConfigurationPlatforms) = preSolution
		Debug|Any CPU = Debug|Any CPU
		Debug|x64 = Debug|x64
		Debug|x86 = Debug|x86
		Release|Any CPU = Release|Any CPU
		Release|x64 = Release|x64
		Release|x86 = Release|x86
	EndGlobalSection
	GlobalSection(ProjectConfigurationPlatforms) = postSolution
		{32237885-3D17-4F13-B02B-E8A62B7BD8B6}.Debug|Any CPU.ActiveCfg = Debug|Any CPU
		{32237885-3D17-4F13-B02B-E8A62B7BD8B6}.Debug|Any CPU.Build.0 = Debug|Any CPU
		{32237885-3D17-4F13-B02B-E8A62B7BD8B6}.Debug|x64.ActiveCfg = Debug|Any CPU
		{32237885-3D17-4F13-B02B-E8A62B7BD8B6}.Debug|x64.Build.0 = Debug|Any CPU
		{32237885-3D17-4F13-B02B-E8A62B7BD8B6}.Debug|x86.ActiveCfg = Debug|Any CPU
		{32237885-3D17-4F13-B02B-E8A62B7BD8B6}.Debug|x86.Build.0 = Debug|Any CPU
		{32237885-3D17-4F13-B02B-E8A62B7BD8B6}.Release|Any CPU.ActiveCfg = Release|Any CPU
		{32237885-3D17-4F13-B02B-E8A62B7BD8B6}.Release|Any CPU.Build.0 = Release|Any CPU
		{32237885-3D17-4F13-B02B-E8A62B7BD8B6}.Release|x64.ActiveCfg = Release|Any CPU
		{32237885-3D17-4F13-B02B-E8A62B7BD8B6}.Release|x64.Build.0 = Release|Any CPU
		{32237885-3D17-4F13-B02B-E8A62B7BD8B6}.Release|x86.ActiveCfg = Release|Any CPU
		{32237885-3D17-4F13-B02B-E8A62B7BD8B6}.Release|x86.Build.0 = Release|Any CPU
		{AE49091C-0D6E-4BA4-BAB9-756BD4036429}.Debug|Any CPU.ActiveCfg = Debug|Any CPU
		{AE49091C-0D6E-4BA4-BAB9-756BD4036429}.Debug|Any CPU.Build.0 = Debug|Any CPU
		{AE49091C-0D6E-4BA4-BAB9-756BD4036429}.Debug|x64.ActiveCfg = Debug|Any CPU
		{AE49091C-0D6E-4BA4-BAB9-756BD4036429}.Debug|x64.Build.0 = Debug|Any CPU
		{AE49091C-0D6E-4BA4-BAB9-756BD4036429}.Debug|x86.ActiveCfg = Debug|Any CPU
		{AE49091C-0D6E-4BA4-BAB9-756BD4036429}.Debug|x86.Build.0 = Debug|Any CPU
		{AE49091C-0D6E-4BA4-BAB9-756BD4036429}.Release|Any CPU.ActiveCfg = Release|Any CPU
		{AE49091C-0D6E-4BA4-BAB9-756BD4036429}.Release|Any CPU.Build.0 = Release|Any CPU
		{AE49091C-0D6E-4BA4-BAB9-756BD4036429}.Release|x64.ActiveCfg = Release|Any CPU
		{AE49091C-0D6E-4BA4-BAB9-756BD4036429}.Release|x64.Build.0 = Release|Any CPU
		{AE49091C-0D6E-4BA4-BAB9-756BD4036429}.Release|x86.ActiveCfg = Release|Any CPU
		{AE49091C-0D6E-4BA4-BAB9-756BD4036429}.Release|x86.Build.0 = Release|Any CPU
		{96A93758-3C3F-4309-B5DC-FC717A671135}.Debug|Any CPU.ActiveCfg = Debug|Any CPU
		{96A93758-3C3F-4309-B5DC-FC717A671135}.Debug|Any CPU.Build.0 = Debug|Any CPU
		{96A93758-3C3F-4309-B5DC-FC717A671135}.Debug|x64.ActiveCfg = Debug|Any CPU
		{96A93758-3C3F-4309-B5DC-FC717A671135}.Debug|x64.Build.0 = Debug|Any CPU
		{96A93758-3C3F-4309-B5DC-FC717A671135}.Debug|x86.ActiveCfg = Debug|Any CPU
		{96A93758-3C3F-4309-B5DC-FC717A671135}.Debug|x86.Build.0 = Debug|Any CPU
		{96A93758-3C3F-4309-B5DC-FC717A671135}.Release|Any CPU.ActiveCfg = Release|Any CPU
		{96A93758-3C3F-4309-B5DC-FC717A671135}.Release|Any CPU.Build.0 = Release|Any CPU
		{96A93758-3C3F-4309-B5DC-FC717A671135}.Release|x64.ActiveCfg = Release|Any CPU
		{96A93758-3C3F-4309-B5DC-FC717A671135}.Release|x64.Build.0 = Release|Any CPU
		{96A93758-3C3F-4309-B5DC-FC717A671135}.Release|x86.ActiveCfg = Release|Any CPU
		{96A93758-3C3F-4309-B5DC-FC717A671135}.Release|x86.Build.0 = Release|Any CPU
		{D9F3369D-7AE3-4E8F-B2DF-59F18F20AD65}.Debug|Any CPU.ActiveCfg = Debug|Any CPU
		{D9F3369D-7AE3-4E8F-B2DF-59F18F20AD65}.Debug|Any CPU.Build.0 = Debug|Any CPU
		{D9F3369D-7AE3-4E8F-B2DF-59F18F20AD65}.Debug|x64.ActiveCfg = Debug|Any CPU
		{D9F3369D-7AE3-4E8F-B2DF-59F18F20AD65}.Debug|x64.Build.0 = Debug|Any CPU
		{D9F3369D-7AE3-4E8F-B2DF-59F18F20AD65}.Debug|x86.ActiveCfg = Debug|Any CPU
		{D9F3369D-7AE3-4E8F-B2DF-59F18F20AD65}.Debug|x86.Build.0 = Debug|Any CPU
		{D9F3369D-7AE3-4E8F-B2DF-59F18F20AD65}.Release|Any CPU.ActiveCfg = Release|Any CPU
		{D9F3369D-7AE3-4E8F-B2DF-59F18F20AD65}.Release|Any CPU.Build.0 = Release|Any CPU
		{D9F3369D-7AE3-4E8F-B2DF-59F18F20AD65}.Release|x64.ActiveCfg = Release|Any CPU
		{D9F3369D-7AE3-4E8F-B2DF-59F18F20AD65}.Release|x64.Build.0 = Release|Any CPU
		{D9F3369D-7AE3-4E8F-B2DF-59F18F20AD65}.Release|x86.ActiveCfg = Release|Any CPU
		{D9F3369D-7AE3-4E8F-B2DF-59F18F20AD65}.Release|x86.Build.0 = Release|Any CPU
		{AC3BEA66-AC50-4D1F-84FF-9D73D1A4040C}.Debug|Any CPU.ActiveCfg = Debug|Any CPU
		{AC3BEA66-AC50-4D1F-84FF-9D73D1A4040C}.Debug|Any CPU.Build.0 = Debug|Any CPU
		{AC3BEA66-AC50-4D1F-84FF-9D73D1A4040C}.Debug|x64.ActiveCfg = Debug|Any CPU
		{AC3BEA66-AC50-4D1F-84FF-9D73D1A4040C}.Debug|x64.Build.0 = Debug|Any CPU
		{AC3BEA66-AC50-4D1F-84FF-9D73D1A4040C}.Debug|x86.ActiveCfg = Debug|Any CPU
		{AC3BEA66-AC50-4D1F-84FF-9D73D1A4040C}.Debug|x86.Build.0 = Debug|Any CPU
		{AC3BEA66-AC50-4D1F-84FF-9D73D1A4040C}.Release|Any CPU.ActiveCfg = Release|Any CPU
		{AC3BEA66-AC50-4D1F-84FF-9D73D1A4040C}.Release|Any CPU.Build.0 = Release|Any CPU
		{AC3BEA66-AC50-4D1F-84FF-9D73D1A4040C}.Release|x64.ActiveCfg = Release|Any CPU
		{AC3BEA66-AC50-4D1F-84FF-9D73D1A4040C}.Release|x64.Build.0 = Release|Any CPU
		{AC3BEA66-AC50-4D1F-84FF-9D73D1A4040C}.Release|x86.ActiveCfg = Release|Any CPU
		{AC3BEA66-AC50-4D1F-84FF-9D73D1A4040C}.Release|x86.Build.0 = Release|Any CPU
		{260F050D-A079-42FB-A585-23137F4E9A21}.Debug|Any CPU.ActiveCfg = Debug|Any CPU
		{260F050D-A079-42FB-A585-23137F4E9A21}.Debug|Any CPU.Build.0 = Debug|Any CPU
		{260F050D-A079-42FB-A585-23137F4E9A21}.Debug|x64.ActiveCfg = Debug|Any CPU
		{260F050D-A079-42FB-A585-23137F4E9A21}.Debug|x64.Build.0 = Debug|Any CPU
		{260F050D-A079-42FB-A585-23137F4E9A21}.Debug|x86.ActiveCfg = Debug|Any CPU
		{260F050D-A079-42FB-A585-23137F4E9A21}.Debug|x86.Build.0 = Debug|Any CPU
		{260F050D-A079-42FB-A585-23137F4E9A21}.Release|Any CPU.ActiveCfg = Release|Any CPU
		{260F050D-A079-42FB-A585-23137F4E9A21}.Release|Any CPU.Build.0 = Release|Any CPU
		{260F050D-A079-42FB-A585-23137F4E9A21}.Release|x64.ActiveCfg = Release|Any CPU
		{260F050D-A079-42FB-A585-23137F4E9A21}.Release|x64.Build.0 = Release|Any CPU
		{260F050D-A079-42FB-A585-23137F4E9A21}.Release|x86.ActiveCfg = Release|Any CPU
		{260F050D-A079-42FB-A585-23137F4E9A21}.Release|x86.Build.0 = Release|Any CPU
		{66086742-7EC1-4C23-886D-C5C928CB3E4B}.Debug|Any CPU.ActiveCfg = Debug|Any CPU
		{66086742-7EC1-4C23-886D-C5C928CB3E4B}.Debug|Any CPU.Build.0 = Debug|Any CPU
		{66086742-7EC1-4C23-886D-C5C928CB3E4B}.Debug|x64.ActiveCfg = Debug|Any CPU
		{66086742-7EC1-4C23-886D-C5C928CB3E4B}.Debug|x64.Build.0 = Debug|Any CPU
		{66086742-7EC1-4C23-886D-C5C928CB3E4B}.Debug|x86.ActiveCfg = Debug|Any CPU
		{66086742-7EC1-4C23-886D-C5C928CB3E4B}.Debug|x86.Build.0 = Debug|Any CPU
		{66086742-7EC1-4C23-886D-C5C928CB3E4B}.Release|Any CPU.ActiveCfg = Release|Any CPU
		{66086742-7EC1-4C23-886D-C5C928CB3E4B}.Release|Any CPU.Build.0 = Release|Any CPU
		{66086742-7EC1-4C23-886D-C5C928CB3E4B}.Release|x64.ActiveCfg = Release|Any CPU
		{66086742-7EC1-4C23-886D-C5C928CB3E4B}.Release|x64.Build.0 = Release|Any CPU
		{66086742-7EC1-4C23-886D-C5C928CB3E4B}.Release|x86.ActiveCfg = Release|Any CPU
		{66086742-7EC1-4C23-886D-C5C928CB3E4B}.Release|x86.Build.0 = Release|Any CPU
		{5CE82CC4-40CF-41DB-B83B-72BAF49DC523}.Debug|Any CPU.ActiveCfg = Debug|Any CPU
		{5CE82CC4-40CF-41DB-B83B-72BAF49DC523}.Debug|Any CPU.Build.0 = Debug|Any CPU
		{5CE82CC4-40CF-41DB-B83B-72BAF49DC523}.Debug|x64.ActiveCfg = Debug|Any CPU
		{5CE82CC4-40CF-41DB-B83B-72BAF49DC523}.Debug|x64.Build.0 = Debug|Any CPU
		{5CE82CC4-40CF-41DB-B83B-72BAF49DC523}.Debug|x86.ActiveCfg = Debug|Any CPU
		{5CE82CC4-40CF-41DB-B83B-72BAF49DC523}.Debug|x86.Build.0 = Debug|Any CPU
		{5CE82CC4-40CF-41DB-B83B-72BAF49DC523}.Release|Any CPU.ActiveCfg = Release|Any CPU
		{5CE82CC4-40CF-41DB-B83B-72BAF49DC523}.Release|Any CPU.Build.0 = Release|Any CPU
		{5CE82CC4-40CF-41DB-B83B-72BAF49DC523}.Release|x64.ActiveCfg = Release|Any CPU
		{5CE82CC4-40CF-41DB-B83B-72BAF49DC523}.Release|x64.Build.0 = Release|Any CPU
		{5CE82CC4-40CF-41DB-B83B-72BAF49DC523}.Release|x86.ActiveCfg = Release|Any CPU
		{5CE82CC4-40CF-41DB-B83B-72BAF49DC523}.Release|x86.Build.0 = Release|Any CPU
		{A11A2198-A65C-4860-8BA3-A0EE51C30FAD}.Debug|Any CPU.ActiveCfg = Debug|Any CPU
		{A11A2198-A65C-4860-8BA3-A0EE51C30FAD}.Debug|Any CPU.Build.0 = Debug|Any CPU
		{A11A2198-A65C-4860-8BA3-A0EE51C30FAD}.Debug|x64.ActiveCfg = Debug|Any CPU
		{A11A2198-A65C-4860-8BA3-A0EE51C30FAD}.Debug|x64.Build.0 = Debug|Any CPU
		{A11A2198-A65C-4860-8BA3-A0EE51C30FAD}.Debug|x86.ActiveCfg = Debug|Any CPU
		{A11A2198-A65C-4860-8BA3-A0EE51C30FAD}.Debug|x86.Build.0 = Debug|Any CPU
		{A11A2198-A65C-4860-8BA3-A0EE51C30FAD}.Release|Any CPU.ActiveCfg = Release|Any CPU
		{A11A2198-A65C-4860-8BA3-A0EE51C30FAD}.Release|Any CPU.Build.0 = Release|Any CPU
		{A11A2198-A65C-4860-8BA3-A0EE51C30FAD}.Release|x64.ActiveCfg = Release|Any CPU
		{A11A2198-A65C-4860-8BA3-A0EE51C30FAD}.Release|x64.Build.0 = Release|Any CPU
		{A11A2198-A65C-4860-8BA3-A0EE51C30FAD}.Release|x86.ActiveCfg = Release|Any CPU
		{A11A2198-A65C-4860-8BA3-A0EE51C30FAD}.Release|x86.Build.0 = Release|Any CPU
	EndGlobalSection
	GlobalSection(SolutionProperties) = preSolution
		HideSolutionNode = FALSE
	EndGlobalSection
EndGlobal
